
Microsoft Visual Studio Solution File, Format Version 12.00
# Visual Studio Version 17
VisualStudioVersion = 17.13.35931.197
MinimumVisualStudioVersion = 10.0.40219.1
Project("{FAE04EC0-301F-11D3-BF4B-00C04F79EFBC}") = "Presentation", "Presentation\Presentation.csproj", "{3D34B667-AA94-42D6-9CE3-14ED369F67ED}"
EndProject
Project("{FAE04EC0-301F-11D3-BF4B-00C04F79EFBC}") = "Data", "Data\Data.csproj", "{DEDA7184-D703-480D-9C19-B6730BD11E1C}"
EndProject
Project("{FAE04EC0-301F-11D3-BF4B-00C04F79EFBC}") = "Business", "Buisness\Business.csproj", "{8E3238C3-94B9-4835-8E72-D9602E02EF78}"
EndProject
Project("{FAE04EC0-301F-11D3-BF4B-00C04F79EFBC}") = "Domain", "Domain\Domain.csproj", "{6C16FB51-A559-408B-96D0-E761A4969CB7}"
EndProject
Global
	GlobalSection(SolutionConfigurationPlatforms) = preSolution
		Debug|Any CPU = Debug|Any CPU
		Release|Any CPU = Release|Any CPU
	EndGlobalSection
	GlobalSection(ProjectConfigurationPlatforms) = postSolution
		{3D34B667-AA94-42D6-9CE3-14ED369F67ED}.Debug|Any CPU.ActiveCfg = Debug|Any CPU
		{3D34B667-AA94-42D6-9CE3-14ED369F67ED}.Debug|Any CPU.Build.0 = Debug|Any CPU
		{3D34B667-AA94-42D6-9CE3-14ED369F67ED}.Release|Any CPU.ActiveCfg = Release|Any CPU
		{3D34B667-AA94-42D6-9CE3-14ED369F67ED}.Release|Any CPU.Build.0 = Release|Any CPU
		{DEDA7184-D703-480D-9C19-B6730BD11E1C}.Debug|Any CPU.ActiveCfg = Debug|Any CPU
		{DEDA7184-D703-480D-9C19-B6730BD11E1C}.Debug|Any CPU.Build.0 = Debug|Any CPU
		{DEDA7184-D703-480D-9C19-B6730BD11E1C}.Release|Any CPU.ActiveCfg = Release|Any CPU
		{DEDA7184-D703-480D-9C19-B6730BD11E1C}.Release|Any CPU.Build.0 = Release|Any CPU
		{8E3238C3-94B9-4835-8E72-D9602E02EF78}.Debug|Any CPU.ActiveCfg = Debug|Any CPU
		{8E3238C3-94B9-4835-8E72-D9602E02EF78}.Debug|Any CPU.Build.0 = Debug|Any CPU
		{8E3238C3-94B9-4835-8E72-D9602E02EF78}.Release|Any CPU.ActiveCfg = Release|Any CPU
		{8E3238C3-94B9-4835-8E72-D9602E02EF78}.Release|Any CPU.Build.0 = Release|Any CPU
		{6C16FB51-A559-408B-96D0-E761A4969CB7}.Debug|Any CPU.ActiveCfg = Debug|Any CPU
		{6C16FB51-A559-408B-96D0-E761A4969CB7}.Debug|Any CPU.Build.0 = Debug|Any CPU
		{6C16FB51-A559-408B-96D0-E761A4969CB7}.Release|Any CPU.ActiveCfg = Release|Any CPU
		{6C16FB51-A559-408B-96D0-E761A4969CB7}.Release|Any CPU.Build.0 = Release|Any CPU
	EndGlobalSection
	GlobalSection(SolutionProperties) = preSolution
		HideSolutionNode = FALSE
	EndGlobalSection
	GlobalSection(ExtensibilityGlobals) = postSolution
		SolutionGuid = {FC678774-50C2-429F-B8B6-9ED43713F684}
	EndGlobalSection
EndGlobal
